
Microsoft Visual Studio Solution File, Format Version 12.00
# Visual Studio Version 17
VisualStudioVersion = 17.2.32616.157
MinimumVisualStudioVersion = 10.0.40219.1
Project("{9A19103F-16F7-4668-BE54-9A1E7A4F7556}") = "Home1", "Home1\Home1.csproj", "{D127A762-DE49-456B-BA4B-41A4D704851C}"
EndProject
Project("{9A19103F-16F7-4668-BE54-9A1E7A4F7556}") = "Home2", "Home2\Home2.csproj", "{60B254B1-E79B-49A9-89F8-EA4C8382A07E}"
EndProject
Project("{9A19103F-16F7-4668-BE54-9A1E7A4F7556}") = "Home3", "Home3\Home3.csproj", "{7EDBD7A5-C24A-4470-85BA-95F28B9AE740}"
EndProject
Project("{9A19103F-16F7-4668-BE54-9A1E7A4F7556}") = "Home4", "Home4\Home4.csproj", "{C0F64FCE-94B9-4DF7-ADE8-B0792666D831}"
EndProject
Project("{FAE04EC0-301F-11D3-BF4B-00C04F79EFBC}") = "Delegates", "Delegates\Delegates.csproj", "{DC5308BB-8B69-4F70-A4C8-315046D27744}"
EndProject
Global
	GlobalSection(SolutionConfigurationPlatforms) = preSolution
		Debug|Any CPU = Debug|Any CPU
		Release|Any CPU = Release|Any CPU
	EndGlobalSection
	GlobalSection(ProjectConfigurationPlatforms) = postSolution
		{D127A762-DE49-456B-BA4B-41A4D704851C}.Debug|Any CPU.ActiveCfg = Debug|Any CPU
		{D127A762-DE49-456B-BA4B-41A4D704851C}.Debug|Any CPU.Build.0 = Debug|Any CPU
		{D127A762-DE49-456B-BA4B-41A4D704851C}.Release|Any CPU.ActiveCfg = Release|Any CPU
		{D127A762-DE49-456B-BA4B-41A4D704851C}.Release|Any CPU.Build.0 = Release|Any CPU
		{60B254B1-E79B-49A9-89F8-EA4C8382A07E}.Debug|Any CPU.ActiveCfg = Debug|Any CPU
		{60B254B1-E79B-49A9-89F8-EA4C8382A07E}.Debug|Any CPU.Build.0 = Debug|Any CPU
		{60B254B1-E79B-49A9-89F8-EA4C8382A07E}.Release|Any CPU.ActiveCfg = Release|Any CPU
		{60B254B1-E79B-49A9-89F8-EA4C8382A07E}.Release|Any CPU.Build.0 = Release|Any CPU
		{7EDBD7A5-C24A-4470-85BA-95F28B9AE740}.Debug|Any CPU.ActiveCfg = Debug|Any CPU
		{7EDBD7A5-C24A-4470-85BA-95F28B9AE740}.Debug|Any CPU.Build.0 = Debug|Any CPU
		{7EDBD7A5-C24A-4470-85BA-95F28B9AE740}.Release|Any CPU.ActiveCfg = Release|Any CPU
		{7EDBD7A5-C24A-4470-85BA-95F28B9AE740}.Release|Any CPU.Build.0 = Release|Any CPU
		{C0F64FCE-94B9-4DF7-ADE8-B0792666D831}.Debug|Any CPU.ActiveCfg = Debug|Any CPU
		{C0F64FCE-94B9-4DF7-ADE8-B0792666D831}.Debug|Any CPU.Build.0 = Debug|Any CPU
		{C0F64FCE-94B9-4DF7-ADE8-B0792666D831}.Release|Any CPU.ActiveCfg = Release|Any CPU
		{C0F64FCE-94B9-4DF7-ADE8-B0792666D831}.Release|Any CPU.Build.0 = Release|Any CPU
		{DC5308BB-8B69-4F70-A4C8-315046D27744}.Debug|Any CPU.ActiveCfg = Debug|Any CPU
		{DC5308BB-8B69-4F70-A4C8-315046D27744}.Debug|Any CPU.Build.0 = Debug|Any CPU
		{DC5308BB-8B69-4F70-A4C8-315046D27744}.Release|Any CPU.ActiveCfg = Release|Any CPU
		{DC5308BB-8B69-4F70-A4C8-315046D27744}.Release|Any CPU.Build.0 = Release|Any CPU
	EndGlobalSection
	GlobalSection(SolutionProperties) = preSolution
		HideSolutionNode = FALSE
	EndGlobalSection
	GlobalSection(ExtensibilityGlobals) = postSolution
		SolutionGuid = {7EC823AE-8938-41F8-AEB2-46E3F07DFA12}
	EndGlobalSection
EndGlobal
